
Microsoft Visual Studio Solution File, Format Version 12.00
# Visual Studio Version 16
VisualStudioVersion = 16.0.31025.194
MinimumVisualStudioVersion = 10.0.40219.1
Project("{FAE04EC0-301F-11D3-BF4B-00C04F79EFBC}") = "TypesAndVariables", "TypesAndVariables\TypesAndVariables.csproj", "{4D94B17A-46F5-4A87-919A-990D68889CFA}"
EndProject
Project("{FAE04EC0-301F-11D3-BF4B-00C04F79EFBC}") = "Conditionals", "Conditionals\Conditionals.csproj", "{BF50D520-DA70-43AC-9456-9EBAC7B95F2C}"
EndProject
Project("{FAE04EC0-301F-11D3-BF4B-00C04F79EFBC}") = "Methods", "Methods\Methods.csproj", "{2ADE4AE4-3DAA-4542-BBF9-D4A11B04AF07}"
EndProject
Project("{FAE04EC0-301F-11D3-BF4B-00C04F79EFBC}") = "Arrays", "Arrays\Arrays.csproj", "{CC661362-173A-4CA7-A56E-BA1D3483AD8A}"
EndProject
Project("{FAE04EC0-301F-11D3-BF4B-00C04F79EFBC}") = "Ders3Odev2", "Ders3Odev2\Ders3Odev2.csproj", "{62D69063-C387-4652-8B17-BD6FCBEF7E92}"
EndProject
Project("{9A19103F-16F7-4668-BE54-9A1E7A4F7556}") = "Classes", "Classes\Classes.csproj", "{CEC45796-FA53-4017-BE53-775ED7521D6F}"
EndProject
Project("{9A19103F-16F7-4668-BE54-9A1E7A4F7556}") = "RecapDemo1", "RecapDemo1\RecapDemo1.csproj", "{AE52DAAF-E0D2-4792-AFC3-0DCBD4D83FCF}"
EndProject
Project("{9A19103F-16F7-4668-BE54-9A1E7A4F7556}") = "Interface", "Interface\Interface.csproj", "{E485B5B3-9E71-43D4-A269-FB4116FF358E}"
EndProject
Project("{9A19103F-16F7-4668-BE54-9A1E7A4F7556}") = "InterfacesDemo", "InterfacesDemo\InterfacesDemo.csproj", "{F3312540-2016-41AF-9793-54CA9CDD6B27}"
EndProject
Project("{9A19103F-16F7-4668-BE54-9A1E7A4F7556}") = "Inheritance", "Inheritance\Inheritance.csproj", "{AA8AA78D-B177-400C-806F-D03A859D2B83}"
EndProject
Project("{FAE04EC0-301F-11D3-BF4B-00C04F79EFBC}") = "Interfaces", "Interfaces\Interfaces.csproj", "{96F652E1-3325-43C5-BF7A-567F6795F1BC}"
EndProject
Global
	GlobalSection(SolutionConfigurationPlatforms) = preSolution
		Debug|Any CPU = Debug|Any CPU
		Release|Any CPU = Release|Any CPU
	EndGlobalSection
	GlobalSection(ProjectConfigurationPlatforms) = postSolution
		{4D94B17A-46F5-4A87-919A-990D68889CFA}.Debug|Any CPU.ActiveCfg = Debug|Any CPU
		{4D94B17A-46F5-4A87-919A-990D68889CFA}.Debug|Any CPU.Build.0 = Debug|Any CPU
		{4D94B17A-46F5-4A87-919A-990D68889CFA}.Release|Any CPU.ActiveCfg = Release|Any CPU
		{4D94B17A-46F5-4A87-919A-990D68889CFA}.Release|Any CPU.Build.0 = Release|Any CPU
		{BF50D520-DA70-43AC-9456-9EBAC7B95F2C}.Debug|Any CPU.ActiveCfg = Debug|Any CPU
		{BF50D520-DA70-43AC-9456-9EBAC7B95F2C}.Debug|Any CPU.Build.0 = Debug|Any CPU
		{BF50D520-DA70-43AC-9456-9EBAC7B95F2C}.Release|Any CPU.ActiveCfg = Release|Any CPU
		{BF50D520-DA70-43AC-9456-9EBAC7B95F2C}.Release|Any CPU.Build.0 = Release|Any CPU
		{2ADE4AE4-3DAA-4542-BBF9-D4A11B04AF07}.Debug|Any CPU.ActiveCfg = Debug|Any CPU
		{2ADE4AE4-3DAA-4542-BBF9-D4A11B04AF07}.Debug|Any CPU.Build.0 = Debug|Any CPU
		{2ADE4AE4-3DAA-4542-BBF9-D4A11B04AF07}.Release|Any CPU.ActiveCfg = Release|Any CPU
		{2ADE4AE4-3DAA-4542-BBF9-D4A11B04AF07}.Release|Any CPU.Build.0 = Release|Any CPU
		{CC661362-173A-4CA7-A56E-BA1D3483AD8A}.Debug|Any CPU.ActiveCfg = Debug|Any CPU
		{CC661362-173A-4CA7-A56E-BA1D3483AD8A}.Debug|Any CPU.Build.0 = Debug|Any CPU
		{CC661362-173A-4CA7-A56E-BA1D3483AD8A}.Release|Any CPU.ActiveCfg = Release|Any CPU
		{CC661362-173A-4CA7-A56E-BA1D3483AD8A}.Release|Any CPU.Build.0 = Release|Any CPU
		{62D69063-C387-4652-8B17-BD6FCBEF7E92}.Debug|Any CPU.ActiveCfg = Debug|Any CPU
		{62D69063-C387-4652-8B17-BD6FCBEF7E92}.Debug|Any CPU.Build.0 = Debug|Any CPU
		{62D69063-C387-4652-8B17-BD6FCBEF7E92}.Release|Any CPU.ActiveCfg = Release|Any CPU
		{62D69063-C387-4652-8B17-BD6FCBEF7E92}.Release|Any CPU.Build.0 = Release|Any CPU
		{CEC45796-FA53-4017-BE53-775ED7521D6F}.Debug|Any CPU.ActiveCfg = Debug|Any CPU
		{CEC45796-FA53-4017-BE53-775ED7521D6F}.Debug|Any CPU.Build.0 = Debug|Any CPU
		{CEC45796-FA53-4017-BE53-775ED7521D6F}.Release|Any CPU.ActiveCfg = Release|Any CPU
		{CEC45796-FA53-4017-BE53-775ED7521D6F}.Release|Any CPU.Build.0 = Release|Any CPU
		{AE52DAAF-E0D2-4792-AFC3-0DCBD4D83FCF}.Debug|Any CPU.ActiveCfg = Debug|Any CPU
		{AE52DAAF-E0D2-4792-AFC3-0DCBD4D83FCF}.Debug|Any CPU.Build.0 = Debug|Any CPU
		{AE52DAAF-E0D2-4792-AFC3-0DCBD4D83FCF}.Release|Any CPU.ActiveCfg = Release|Any CPU
		{AE52DAAF-E0D2-4792-AFC3-0DCBD4D83FCF}.Release|Any CPU.Build.0 = Release|Any CPU
		{E485B5B3-9E71-43D4-A269-FB4116FF358E}.Debug|Any CPU.ActiveCfg = Debug|Any CPU
		{E485B5B3-9E71-43D4-A269-FB4116FF358E}.Debug|Any CPU.Build.0 = Debug|Any CPU
		{E485B5B3-9E71-43D4-A269-FB4116FF358E}.Release|Any CPU.ActiveCfg = Release|Any CPU
		{E485B5B3-9E71-43D4-A269-FB4116FF358E}.Release|Any CPU.Build.0 = Release|Any CPU
		{F3312540-2016-41AF-9793-54CA9CDD6B27}.Debug|Any CPU.ActiveCfg = Debug|Any CPU
		{F3312540-2016-41AF-9793-54CA9CDD6B27}.Debug|Any CPU.Build.0 = Debug|Any CPU
		{F3312540-2016-41AF-9793-54CA9CDD6B27}.Release|Any CPU.ActiveCfg = Release|Any CPU
		{F3312540-2016-41AF-9793-54CA9CDD6B27}.Release|Any CPU.Build.0 = Release|Any CPU
		{AA8AA78D-B177-400C-806F-D03A859D2B83}.Debug|Any CPU.ActiveCfg = Debug|Any CPU
		{AA8AA78D-B177-400C-806F-D03A859D2B83}.Debug|Any CPU.Build.0 = Debug|Any CPU
		{AA8AA78D-B177-400C-806F-D03A859D2B83}.Release|Any CPU.ActiveCfg = Release|Any CPU
		{AA8AA78D-B177-400C-806F-D03A859D2B83}.Release|Any CPU.Build.0 = Release|Any CPU
		{96F652E1-3325-43C5-BF7A-567F6795F1BC}.Debug|Any CPU.ActiveCfg = Debug|Any CPU
		{96F652E1-3325-43C5-BF7A-567F6795F1BC}.Debug|Any CPU.Build.0 = Debug|Any CPU
		{96F652E1-3325-43C5-BF7A-567F6795F1BC}.Release|Any CPU.ActiveCfg = Release|Any CPU
		{96F652E1-3325-43C5-BF7A-567F6795F1BC}.Release|Any CPU.Build.0 = Release|Any CPU
	EndGlobalSection
	GlobalSection(SolutionProperties) = preSolution
		HideSolutionNode = FALSE
	EndGlobalSection
	GlobalSection(ExtensibilityGlobals) = postSolution
		SolutionGuid = {0C4AF772-223D-4737-84F6-EE07BFE79C28}
	EndGlobalSection
EndGlobal
